hash: 334908ac96179d8f6e1b178dd4b31510aba08f0a130261503a03a733621924c1
updated: 2017-01-05T12:42:12.999348972-05:00
imports:
- name: bitbucket.org/taruti/mimemagic
  version: e5179c80a024fe516da65f0b006f56fa7800694e
- name: github.com/aebruno/textsecure
  version: 31e330a410333771e1354ce57a0d70b946780c85
- name: github.com/agl/ed25519
  version: 278e1ec8e8a6e017cd07577924d6766039146ced
  subpackages:
  - edwards25519
- name: github.com/emirpasic/gods
  version: efcbbe62748bdffae6f7e29fddd0324d108022db
  subpackages:
  - containers
  - lists
  - lists/arraylist
  - utils
- name: github.com/golang/protobuf
  version: 8ee79997227bf9b34611aee7946ae64735e6fd93
  subpackages:
  - proto
- name: github.com/gorilla/websocket
  version: 1f512fc3f05332ba7117626cdfb4e07474e58e60
- name: github.com/janimo/textsecure
  version: f2c1d0dc203b097e4035d6605979f7a328ef804f
  subpackages:
  - axolotl
  - axolotl/protobuf
  - curve25519sign
  - protobuf
- name: github.com/jmoiron/sqlx
  version: 398dd5876282499cdfd4cb8ea0f31a672abe9495
  subpackages:
  - reflectx
- name: github.com/rogpeppe/fastuuid
  version: 6724a57986aff9bff1a1770e9347036def7c89f6
- name: github.com/Sirupsen/logrus
  version: cd7d1bbe41066b6c1f19780f895901052150a575
- name: github.com/ttacon/builder
  version: 7f152c3cf4714fd6318739f8f3dbcd14c2a18b39
- name: github.com/ttacon/libphonenumber
  version: 1197dfb91fa03c779576ad248ad5ca0a43fb3a31
- name: github.com/mutecomm/go-sqlcipher
  version: 23f3da79a822938b308480e190972e41323adda9
- name: golang.org/x/crypto
  version: b6789ab629056511030d652d851e7dc10c9e9c9e
  subpackages:
  - curve25519
  - hkdf
  - pbkdf2
  - scrypt
- name: golang.org/x/sys
  version: d75a52659825e75fff6158388dddc6a5b04f9ba5
  subpackages:
  - unix
- name: gopkg.in/yaml.v2
  version: a83829b6f1293c91addabc89d0571c246397bbf4
testImports: []
