hash: e980672aa752c31e95796a0ac5da21e6197275d2214791284520098f1f8e59a9
updated: 2018-03-24T21:31:40.986062581-04:00
imports:
- name: bitbucket.org/taruti/mimemagic
  version: e5179c80a024fe516da65f0b006f56fa7800694e
- name: github.com/aebruno/textsecure
  version: 33bf22ae9aea148c4b8bb649c4713e9aaa6ef870
  subpackages:
  - axolotl
  - axolotl/protobuf
  - curve25519sign
  - protobuf
- name: github.com/agl/ed25519
  version: 5312a61534124124185d41f09206b9fef1d88403
  subpackages:
  - edwards25519
- name: github.com/golang/protobuf
  version: bbd03ef6da3a115852eaf24c8a1c46aeb39aa175
  subpackages:
  - proto
- name: github.com/gorilla/websocket
  version: eb925808374e5ca90c83401a40d711dc08c0c0f6
- name: github.com/jmoiron/sqlx
  version: cf35089a197953c69420c8d0cecda90809764b1d
  subpackages:
  - reflectx
- name: github.com/mutecomm/go-sqlcipher
  version: f799951b4ab269c2ce24913961af2cb5d681cc43
- name: github.com/nfnt/resize
  version: 83c6a9932646f83e3267f353373d47347b6036b2
- name: github.com/rogpeppe/fastuuid
  version: 6724a57986aff9bff1a1770e9347036def7c89f6
- name: github.com/sirupsen/logrus
  version: 90150a8ed11b6ce285e77e8af2b0109559ce4777
- name: github.com/ttacon/builder
  version: c099f663e1c235176c175644792c5eb282017ad7
- name: github.com/ttacon/libphonenumber
  version: 8ff0c76f75b1e4d840054e4bac021eac597c66da
- name: golang.org/x/crypto
  version: 88942b9c40a4c9d203b82b3731787b672d6e809b
  subpackages:
  - curve25519
  - hkdf
  - pbkdf2
  - scrypt
  - ssh/terminal
- name: golang.org/x/net
  version: 6078986fec03a1dcc236c34816c71b0e05018fda
  subpackages:
  - context
- name: golang.org/x/sys
  version: 91ee8cde435411ca3f1cd365e8f20131aed4d0a1
  subpackages:
  - unix
  - windows
- name: gopkg.in/yaml.v2
  version: 7f97868eec74b32b0982dd158a51a446d1da7eb5
testImports: []
